
Microsoft Visual Studio Solution File, Format Version 12.00
# Visual Studio Version 17
VisualStudioVersion = 17.2.32630.192
MinimumVisualStudioVersion = 10.0.40219.1
Project("{FAE04EC0-301F-11D3-BF4B-00C04F79EFBC}") = "Golf", "Golf\Golf.csproj", "{69C3A888-F7AB-43D8-8AD3-8882AB580E6A}"
EndProject
Global
	GlobalSection(SolutionConfigurationPlatforms) = preSolution
		Debug|Any CPU = Debug|Any CPU
		Release|Any CPU = Release|Any CPU
	EndGlobalSection
	GlobalSection(ProjectConfigurationPlatforms) = postSolution
		{69C3A888-F7AB-43D8-8AD3-8882AB580E6A}.Debug|Any CPU.ActiveCfg = Debug|Any CPU
		{69C3A888-F7AB-43D8-8AD3-8882AB580E6A}.Debug|Any CPU.Build.0 = Debug|Any CPU
		{69C3A888-F7AB-43D8-8AD3-8882AB580E6A}.Release|Any CPU.ActiveCfg = Release|Any CPU
		{69C3A888-F7AB-43D8-8AD3-8882AB580E6A}.Release|Any CPU.Build.0 = Release|Any CPU
	EndGlobalSection
	GlobalSection(SolutionProperties) = preSolution
		HideSolutionNode = FALSE
	EndGlobalSection
	GlobalSection(ExtensibilityGlobals) = postSolution
		SolutionGuid = {8DA231D4-ECD7-4E40-9571-81A3D71F0AC4}
	EndGlobalSection
EndGlobal
